# This file was autogenerated by Stack.
# You should not edit this file by hand.
# For more information, please see the documentation at:
#   https://docs.haskellstack.org/en/stable/lock_files

packages:
- completed:
    hackage: in-other-words-0.2.0.0@sha256:8c99cc22ddfe8affe6fcf24ab088d464d5a390a6fcc9532f1552891aae95904a,5269
    pantry-tree:
      sha256: c8a79c43bc7f04af24f0cbc5f3ad795abc128e87ad23f17ecde8857a18a0b7c2
      size: 6646
  original:
    hackage: in-other-words-0.2.0.0@sha256:8c99cc22ddfe8affe6fcf24ab088d464d5a390a6fcc9532f1552891aae95904a,5269
- completed:
    hackage: in-other-words-plugin-0.1.0.0@sha256:9aecb8117226857b1cd220b4ba7d912d600e76fe40dc0c0b76328d4032b86608,2613
    pantry-tree:
      sha256: d7db22e5ee4342421ae293c72bc9dad3ab76f6025900ecbc954a4ef8f3c0b3c8
      size: 689
  original:
    hackage: in-other-words-plugin-0.1.0.0@sha256:9aecb8117226857b1cd220b4ba7d912d600e76fe40dc0c0b76328d4032b86608,2613
snapshots:
- completed:
    sha256: 87842ecbaa8ca9cee59a7e6be52369dbed82ed075cb4e0d152614a627e8fd488
    size: 586069
    url: https://raw.githubusercontent.com/commercialhaskell/stackage-snapshots/master/lts/18/14.yaml
  original:
    url: https://raw.githubusercontent.com/commercialhaskell/stackage-snapshots/master/lts/18/14.yaml
